# This file is autogenerated, do not edit; changes may be undone by the next 'dep ensure'.


[[projects]]
  branch = "master"
  digest = "1:b02d70141c59b87bb1cf1ea8203b0a3ef0faf274154d839ca0e34d057f69b94b"
  name = "github.com/go-gl/gl"
  packages = ["v2.1/gl"]
  pruneopts = "UT"
  revision = "bf2b1f2f34d7f6a60a99a830f65dcd6afb0c6587"

[[projects]]
  digest = "1:22ef5f0980b82ff37b64b1b36a50992a23d4bb91a56f792ae08ba91374476e7b"
  name = "github.com/veandco/go-sdl2"
  packages = [
    "mix",
    "sdl",
    "ttf",
  ]
  pruneopts = "UT"
  revision = "271d2ec43388932fd2a80f4c2e81021734685a62"
  version = "v0.3"

[solve-meta]
  analyzer-name = "dep"
  analyzer-version = 1
  input-imports = [
    "github.com/go-gl/gl/v2.1/gl",
    "github.com/veandco/go-sdl2/mix",
    "github.com/veandco/go-sdl2/sdl",
    "github.com/veandco/go-sdl2/ttf",
  ]
  solver-name = "gps-cdcl"
  solver-version = 1
